{
  "version": 4,
  "terraform_version": "1.13.0",
  "serial": 3,
  "lineage": "6c9d116e-572d-49d5-6476-e537411073f2",
  "outputs": {
    "container_url": {
      "value": "nsbooohkinglaravelban2j1epl7-booohking-laravel-backend.functions.fnc.fr-par.scw.cloud",
      "type": "string"
    }
  },
  "resources": [
    {
      "mode": "data",
      "type": "scaleway_container_namespace",
      "name": "laravel_namespace",
      "provider": "provider[\"registry.terraform.io/scaleway/scaleway\"]",
      "instances": [
        {
          "schema_version": 0,
          "attributes": {
            "activate_vpc_integration": true,
            "description": "",
            "destroy_registry": null,
            "environment_variables": {},
            "id": "fr-par/fb6e0e88-5522-4656-b345-0aae67d040e3",
            "name": "ns-booohking-laravel-backend",
            "namespace_id": "fr-par/fb6e0e88-5522-4656-b345-0aae67d040e3",
            "organization_id": "0437ee40-c0db-44c5-9e7d-445e224b7d65",
            "project_id": "0437ee40-c0db-44c5-9e7d-445e224b7d65",
            "region": "fr-par",
            "registry_endpoint": "rg.fr-par.scw.cloud/funcscwnsbooohkinglaravelban2j1epl7",
            "registry_namespace_id": "87ee906b-ddad-4b4b-bc4d-0c763d2b103b",
            "secret_environment_variables": {},
            "tags": []
          },
          "sensitive_attributes": [],
          "identity_schema_version": 0
        }
      ]
    },
    {
      "mode": "managed",
      "type": "scaleway_container",
      "name": "laravel_app",
      "provider": "provider[\"registry.terraform.io/scaleway/scaleway\"]",
      "instances": [
        {
          "schema_version": 0,
          "attributes": {
            "args": null,
            "command": null,
            "cpu_limit": 140,
            "cron_status": "created",
            "deploy": false,
            "description": "",
            "domain_name": "nsbooohkinglaravelban2j1epl7-booohking-laravel-backend.functions.fnc.fr-par.scw.cloud",
            "environment_variables": {},
            "error_message": "",
            "health_check": [
              {
                "failure_threshold": 30,
                "http": [],
                "interval": "10s"
              }
            ],
            "http_option": "enabled",
            "id": "fr-par/af64407c-102a-4193-99f8-f16858507b41",
            "local_storage_limit": 1000,
            "max_concurrency": 50,
            "max_scale": 10,
            "memory_limit": 256,
            "min_scale": 0,
            "name": "booohking-laravel-backend",
            "namespace_id": "fr-par/fb6e0e88-5522-4656-b345-0aae67d040e3",
            "port": 8080,
            "privacy": "public",
            "private_network_id": "",
            "protocol": "http1",
            "region": "fr-par",
            "registry_image": "rg.fr-par.scw.cloud/namespace-booohking-laravel-backend/booohking-laravel-backend:latest",
            "registry_sha256": null,
            "sandbox": "v2",
            "scaling_option": [
              {
                "concurrent_requests_threshold": 50,
                "cpu_usage_threshold": 0,
                "memory_usage_threshold": 0
              }
            ],
            "secret_environment_variables": null,
            "status": "created",
            "tags": null,
            "timeout": 300,
            "timeouts": null
          },
          "sensitive_attributes": [
            [
              {
                "type": "get_attr",
                "value": "secret_environment_variables"
              }
            ]
          ],
          "identity_schema_version": 0,
          "private": "eyJlMmJmYjczMC1lY2FhLTExZTYtOGY4OC0zNDM2M2JjN2M0YzAiOnsiY3JlYXRlIjo3NTAwMDAwMDAwMDAsImRlZmF1bHQiOjc1MDAwMDAwMDAwMCwiZGVsZXRlIjo3NTAwMDAwMDAwMDAsInJlYWQiOjc1MDAwMDAwMDAwMCwidXBkYXRlIjo3NTAwMDAwMDAwMDB9fQ==",
          "dependencies": [
            "data.scaleway_container_namespace.laravel_namespace"
          ]
        }
      ]
    }
  ],
  "check_results": null
}
